
Microsoft Visual Studio Solution File, Format Version 12.00
# Visual Studio Version 17
VisualStudioVersion = 17.5.33516.290
MinimumVisualStudioVersion = 10.0.40219.1
Project("{FAE04EC0-301F-11D3-BF4B-00C04F79EFBC}") = "prestacao-de-servico", "prestacao-de-servico\prestacao-de-servico.csproj", "{6481EDFF-3C43-47E9-9F18-5C092936888D}"
EndProject
Global
	GlobalSection(SolutionConfigurationPlatforms) = preSolution
		Debug|Any CPU = Debug|Any CPU
		Release|Any CPU = Release|Any CPU
	EndGlobalSection
	GlobalSection(ProjectConfigurationPlatforms) = postSolution
		{6481EDFF-3C43-47E9-9F18-5C092936888D}.Debug|Any CPU.ActiveCfg = Debug|Any CPU
		{6481EDFF-3C43-47E9-9F18-5C092936888D}.Debug|Any CPU.Build.0 = Debug|Any CPU
		{6481EDFF-3C43-47E9-9F18-5C092936888D}.Release|Any CPU.ActiveCfg = Release|Any CPU
		{6481EDFF-3C43-47E9-9F18-5C092936888D}.Release|Any CPU.Build.0 = Release|Any CPU
	EndGlobalSection
	GlobalSection(SolutionProperties) = preSolution
		HideSolutionNode = FALSE
	EndGlobalSection
	GlobalSection(ExtensibilityGlobals) = postSolution
		SolutionGuid = {DD7577E4-588B-4A09-8797-8A9D10187618}
	EndGlobalSection
EndGlobal
